
Microsoft Visual Studio Solution File, Format Version 12.00
# Visual Studio Version 17
VisualStudioVersion = 17.3.32929.385
MinimumVisualStudioVersion = 10.0.40219.1
Project("{9A19103F-16F7-4668-BE54-9A1E7A4F7556}") = "Encapsulation - Exercise", "Encapsulation - Exercise\Encapsulation - Exercise.csproj", "{A8349976-2100-4575-AE30-E0EC5FEFE366}"
EndProject
Project("{9A19103F-16F7-4668-BE54-9A1E7A4F7556}") = "ClassBoxData", "ClassBoxData\ClassBoxData.csproj", "{3233709B-AEFA-4B75-8B12-847C5C96DB61}"
EndProject
Project("{9A19103F-16F7-4668-BE54-9A1E7A4F7556}") = "AnimalFarm", "AnimalFarm\AnimalFarm\AnimalFarm.csproj", "{C8CCB7D8-F30A-475A-A624-81C139EC8CCC}"
EndProject
Project("{FAE04EC0-301F-11D3-BF4B-00C04F79EFBC}") = "ShoppingSpree", "ShoppingSpree\ShoppingSpree.csproj", "{9AF810D7-8DFC-4BB4-AB1E-CDD8D7F9D64C}"
EndProject
Global
	GlobalSection(SolutionConfigurationPlatforms) = preSolution
		Debug|Any CPU = Debug|Any CPU
		Release|Any CPU = Release|Any CPU
	EndGlobalSection
	GlobalSection(ProjectConfigurationPlatforms) = postSolution
		{A8349976-2100-4575-AE30-E0EC5FEFE366}.Debug|Any CPU.ActiveCfg = Debug|Any CPU
		{A8349976-2100-4575-AE30-E0EC5FEFE366}.Debug|Any CPU.Build.0 = Debug|Any CPU
		{A8349976-2100-4575-AE30-E0EC5FEFE366}.Release|Any CPU.ActiveCfg = Release|Any CPU
		{A8349976-2100-4575-AE30-E0EC5FEFE366}.Release|Any CPU.Build.0 = Release|Any CPU
		{3233709B-AEFA-4B75-8B12-847C5C96DB61}.Debug|Any CPU.ActiveCfg = Debug|Any CPU
		{3233709B-AEFA-4B75-8B12-847C5C96DB61}.Debug|Any CPU.Build.0 = Debug|Any CPU
		{3233709B-AEFA-4B75-8B12-847C5C96DB61}.Release|Any CPU.ActiveCfg = Release|Any CPU
		{3233709B-AEFA-4B75-8B12-847C5C96DB61}.Release|Any CPU.Build.0 = Release|Any CPU
		{C8CCB7D8-F30A-475A-A624-81C139EC8CCC}.Debug|Any CPU.ActiveCfg = Debug|Any CPU
		{C8CCB7D8-F30A-475A-A624-81C139EC8CCC}.Debug|Any CPU.Build.0 = Debug|Any CPU
		{C8CCB7D8-F30A-475A-A624-81C139EC8CCC}.Release|Any CPU.ActiveCfg = Release|Any CPU
		{C8CCB7D8-F30A-475A-A624-81C139EC8CCC}.Release|Any CPU.Build.0 = Release|Any CPU
		{9AF810D7-8DFC-4BB4-AB1E-CDD8D7F9D64C}.Debug|Any CPU.ActiveCfg = Debug|Any CPU
		{9AF810D7-8DFC-4BB4-AB1E-CDD8D7F9D64C}.Debug|Any CPU.Build.0 = Debug|Any CPU
		{9AF810D7-8DFC-4BB4-AB1E-CDD8D7F9D64C}.Release|Any CPU.ActiveCfg = Release|Any CPU
		{9AF810D7-8DFC-4BB4-AB1E-CDD8D7F9D64C}.Release|Any CPU.Build.0 = Release|Any CPU
	EndGlobalSection
	GlobalSection(SolutionProperties) = preSolution
		HideSolutionNode = FALSE
	EndGlobalSection
	GlobalSection(ExtensibilityGlobals) = postSolution
		SolutionGuid = {FD8C5D1B-4A82-481C-B1E7-AB06CE009EF5}
	EndGlobalSection
EndGlobal
