
Microsoft Visual Studio Solution File, Format Version 12.00
# Visual Studio Version 16
VisualStudioVersion = 16.0.31702.278
MinimumVisualStudioVersion = 10.0.40219.1
Project("{FAE04EC0-301F-11D3-BF4B-00C04F79EFBC}") = "DataTypesAndVariables", "DataTypesAndVariables\DataTypesAndVariables.csproj", "{D9337D57-E221-40CA-8300-DE0D1336E102}"
EndProject
Global
	GlobalSection(SolutionConfigurationPlatforms) = preSolution
		Debug|Any CPU = Debug|Any CPU
		Release|Any CPU = Release|Any CPU
	EndGlobalSection
	GlobalSection(ProjectConfigurationPlatforms) = postSolution
		{D9337D57-E221-40CA-8300-DE0D1336E102}.Debug|Any CPU.ActiveCfg = Debug|Any CPU
		{D9337D57-E221-40CA-8300-DE0D1336E102}.Debug|Any CPU.Build.0 = Debug|Any CPU
		{D9337D57-E221-40CA-8300-DE0D1336E102}.Release|Any CPU.ActiveCfg = Release|Any CPU
		{D9337D57-E221-40CA-8300-DE0D1336E102}.Release|Any CPU.Build.0 = Release|Any CPU
	EndGlobalSection
	GlobalSection(SolutionProperties) = preSolution
		HideSolutionNode = FALSE
	EndGlobalSection
	GlobalSection(ExtensibilityGlobals) = postSolution
		SolutionGuid = {78686944-C922-403A-8D88-CEAF561DEABD}
	EndGlobalSection
EndGlobal
