
Microsoft Visual Studio Solution File, Format Version 12.00
# Visual Studio Version 17
VisualStudioVersion = 17.4.33213.308
MinimumVisualStudioVersion = 10.0.40219.1
Project("{9A19103F-16F7-4668-BE54-9A1E7A4F7556}") = "P02_FootballBetting", "P02_FootballBetting\P02_FootballBetting.csproj", "{AA3F62BA-0375-431B-94BD-EF5663A85157}"
EndProject
Project("{9A19103F-16F7-4668-BE54-9A1E7A4F7556}") = "P02_FootballBetting.Data", "P02_FootballBetting.Data\P02_FootballBetting.Data.csproj", "{4FC70B01-329C-4F99-B4FA-813AADBBFF81}"
EndProject
Project("{9A19103F-16F7-4668-BE54-9A1E7A4F7556}") = "P02_FootballBetting.Data.Models", "P02_FootballBetting.Data.Models\P02_FootballBetting.Data.Models.csproj", "{13D6BA12-6B6B-454B-8248-2C9E68A3C590}"
EndProject
Global
	GlobalSection(SolutionConfigurationPlatforms) = preSolution
		Debug|Any CPU = Debug|Any CPU
		Release|Any CPU = Release|Any CPU
	EndGlobalSection
	GlobalSection(ProjectConfigurationPlatforms) = postSolution
		{AA3F62BA-0375-431B-94BD-EF5663A85157}.Debug|Any CPU.ActiveCfg = Debug|Any CPU
		{AA3F62BA-0375-431B-94BD-EF5663A85157}.Debug|Any CPU.Build.0 = Debug|Any CPU
		{AA3F62BA-0375-431B-94BD-EF5663A85157}.Release|Any CPU.ActiveCfg = Release|Any CPU
		{AA3F62BA-0375-431B-94BD-EF5663A85157}.Release|Any CPU.Build.0 = Release|Any CPU
		{4FC70B01-329C-4F99-B4FA-813AADBBFF81}.Debug|Any CPU.ActiveCfg = Debug|Any CPU
		{4FC70B01-329C-4F99-B4FA-813AADBBFF81}.Debug|Any CPU.Build.0 = Debug|Any CPU
		{4FC70B01-329C-4F99-B4FA-813AADBBFF81}.Release|Any CPU.ActiveCfg = Release|Any CPU
		{4FC70B01-329C-4F99-B4FA-813AADBBFF81}.Release|Any CPU.Build.0 = Release|Any CPU
		{13D6BA12-6B6B-454B-8248-2C9E68A3C590}.Debug|Any CPU.ActiveCfg = Debug|Any CPU
		{13D6BA12-6B6B-454B-8248-2C9E68A3C590}.Debug|Any CPU.Build.0 = Debug|Any CPU
		{13D6BA12-6B6B-454B-8248-2C9E68A3C590}.Release|Any CPU.ActiveCfg = Release|Any CPU
		{13D6BA12-6B6B-454B-8248-2C9E68A3C590}.Release|Any CPU.Build.0 = Release|Any CPU
	EndGlobalSection
	GlobalSection(SolutionProperties) = preSolution
		HideSolutionNode = FALSE
	EndGlobalSection
	GlobalSection(ExtensibilityGlobals) = postSolution
		SolutionGuid = {DA2CBEA6-AE1A-436F-9233-B367D18CD4FF}
	EndGlobalSection
EndGlobal
