
Microsoft Visual Studio Solution File, Format Version 12.00
# Visual Studio Version 17
VisualStudioVersion = 17.2.32616.157
MinimumVisualStudioVersion = 10.0.40219.1
Project("{9A19103F-16F7-4668-BE54-9A1E7A4F7556}") = "DefiningClasses", "DefiningClasses.csproj", "{61CD6CD6-F44D-4011-B415-D2D87F9627FB}"
EndProject
Project("{9A19103F-16F7-4668-BE54-9A1E7A4F7556}") = "Car", "..\Car\Car.csproj", "{F642144E-9FBC-4CD8-8627-824CD5069BB7}"
EndProject
Project("{9A19103F-16F7-4668-BE54-9A1E7A4F7556}") = "RawData", "..\RawData\RawData.csproj", "{434DBB70-3899-4414-9DC6-026602F61F32}"
EndProject
Project("{FAE04EC0-301F-11D3-BF4B-00C04F79EFBC}") = "CarSalesman", "..\CarSalesman\CarSalesman.csproj", "{009CBD88-E8C3-4819-A651-D59C71346694}"
EndProject
Project("{FAE04EC0-301F-11D3-BF4B-00C04F79EFBC}") = "PokemonTrainer", "..\PokemonTrainer\PokemonTrainer.csproj", "{2690287E-64F3-4815-9F18-73B6F490AC42}"
EndProject
Global
	GlobalSection(SolutionConfigurationPlatforms) = preSolution
		Debug|Any CPU = Debug|Any CPU
		Release|Any CPU = Release|Any CPU
	EndGlobalSection
	GlobalSection(ProjectConfigurationPlatforms) = postSolution
		{61CD6CD6-F44D-4011-B415-D2D87F9627FB}.Debug|Any CPU.ActiveCfg = Debug|Any CPU
		{61CD6CD6-F44D-4011-B415-D2D87F9627FB}.Debug|Any CPU.Build.0 = Debug|Any CPU
		{61CD6CD6-F44D-4011-B415-D2D87F9627FB}.Release|Any CPU.ActiveCfg = Release|Any CPU
		{61CD6CD6-F44D-4011-B415-D2D87F9627FB}.Release|Any CPU.Build.0 = Release|Any CPU
		{F642144E-9FBC-4CD8-8627-824CD5069BB7}.Debug|Any CPU.ActiveCfg = Debug|Any CPU
		{F642144E-9FBC-4CD8-8627-824CD5069BB7}.Debug|Any CPU.Build.0 = Debug|Any CPU
		{F642144E-9FBC-4CD8-8627-824CD5069BB7}.Release|Any CPU.ActiveCfg = Release|Any CPU
		{F642144E-9FBC-4CD8-8627-824CD5069BB7}.Release|Any CPU.Build.0 = Release|Any CPU
		{434DBB70-3899-4414-9DC6-026602F61F32}.Debug|Any CPU.ActiveCfg = Debug|Any CPU
		{434DBB70-3899-4414-9DC6-026602F61F32}.Debug|Any CPU.Build.0 = Debug|Any CPU
		{434DBB70-3899-4414-9DC6-026602F61F32}.Release|Any CPU.ActiveCfg = Release|Any CPU
		{434DBB70-3899-4414-9DC6-026602F61F32}.Release|Any CPU.Build.0 = Release|Any CPU
		{009CBD88-E8C3-4819-A651-D59C71346694}.Debug|Any CPU.ActiveCfg = Debug|Any CPU
		{009CBD88-E8C3-4819-A651-D59C71346694}.Debug|Any CPU.Build.0 = Debug|Any CPU
		{009CBD88-E8C3-4819-A651-D59C71346694}.Release|Any CPU.ActiveCfg = Release|Any CPU
		{009CBD88-E8C3-4819-A651-D59C71346694}.Release|Any CPU.Build.0 = Release|Any CPU
		{2690287E-64F3-4815-9F18-73B6F490AC42}.Debug|Any CPU.ActiveCfg = Debug|Any CPU
		{2690287E-64F3-4815-9F18-73B6F490AC42}.Debug|Any CPU.Build.0 = Debug|Any CPU
		{2690287E-64F3-4815-9F18-73B6F490AC42}.Release|Any CPU.ActiveCfg = Release|Any CPU
		{2690287E-64F3-4815-9F18-73B6F490AC42}.Release|Any CPU.Build.0 = Release|Any CPU
	EndGlobalSection
	GlobalSection(SolutionProperties) = preSolution
		HideSolutionNode = FALSE
	EndGlobalSection
	GlobalSection(ExtensibilityGlobals) = postSolution
		SolutionGuid = {7F3AB536-D4CE-4E19-8E8F-EBD6692AC9BE}
	EndGlobalSection
EndGlobal
