
Microsoft Visual Studio Solution File, Format Version 12.00
# Visual Studio Version 17
VisualStudioVersion = 17.3.32929.385
MinimumVisualStudioVersion = 10.0.40219.1
Project("{9A19103F-16F7-4668-BE54-9A1E7A4F7556}") = "Polymorphism-Exercise", "Polymorphism-Exercise\Polymorphism-Exercise.csproj", "{F2828BE8-AFC1-420C-82EE-5DF17DFD0C1B}"
EndProject
Project("{FAE04EC0-301F-11D3-BF4B-00C04F79EFBC}") = "Vehicles", "Vehicles\Vehicles.csproj", "{7C661042-2427-4E00-91AD-9D19157D38C2}"
EndProject
Global
	GlobalSection(SolutionConfigurationPlatforms) = preSolution
		Debug|Any CPU = Debug|Any CPU
		Release|Any CPU = Release|Any CPU
	EndGlobalSection
	GlobalSection(ProjectConfigurationPlatforms) = postSolution
		{F2828BE8-AFC1-420C-82EE-5DF17DFD0C1B}.Debug|Any CPU.ActiveCfg = Debug|Any CPU
		{F2828BE8-AFC1-420C-82EE-5DF17DFD0C1B}.Debug|Any CPU.Build.0 = Debug|Any CPU
		{F2828BE8-AFC1-420C-82EE-5DF17DFD0C1B}.Release|Any CPU.ActiveCfg = Release|Any CPU
		{F2828BE8-AFC1-420C-82EE-5DF17DFD0C1B}.Release|Any CPU.Build.0 = Release|Any CPU
		{7C661042-2427-4E00-91AD-9D19157D38C2}.Debug|Any CPU.ActiveCfg = Debug|Any CPU
		{7C661042-2427-4E00-91AD-9D19157D38C2}.Debug|Any CPU.Build.0 = Debug|Any CPU
		{7C661042-2427-4E00-91AD-9D19157D38C2}.Release|Any CPU.ActiveCfg = Release|Any CPU
		{7C661042-2427-4E00-91AD-9D19157D38C2}.Release|Any CPU.Build.0 = Release|Any CPU
	EndGlobalSection
	GlobalSection(SolutionProperties) = preSolution
		HideSolutionNode = FALSE
	EndGlobalSection
	GlobalSection(ExtensibilityGlobals) = postSolution
		SolutionGuid = {D430716F-7C60-4E1C-84C1-E5810928009D}
	EndGlobalSection
EndGlobal
