
Microsoft Visual Studio Solution File, Format Version 12.00
# Visual Studio Version 17
VisualStudioVersion = 17.3.32929.385
MinimumVisualStudioVersion = 10.0.40219.1
Project("{FAE04EC0-301F-11D3-BF4B-00C04F79EFBC}") = "AdvancedExam-20February2022", "AdvancedExam-20February2022\AdvancedExam-20February2022.csproj", "{1AAE43D9-CDC0-43A5-BCC5-4B8F231A09CD}"
EndProject
Project("{FAE04EC0-301F-11D3-BF4B-00C04F79EFBC}") = "BakeryShop", "BakeryShop\BakeryShop.csproj", "{B02B2692-EEB6-48C2-9F95-A37644A0E097}"
EndProject
Project("{FAE04EC0-301F-11D3-BF4B-00C04F79EFBC}") = "BeaveratWork", "BeaveratWork\BeaveratWork.csproj", "{1BEBB4D4-7B9A-4785-BF17-21D32CBA820B}"
EndProject
Global
	GlobalSection(SolutionConfigurationPlatforms) = preSolution
		Debug|Any CPU = Debug|Any CPU
		Release|Any CPU = Release|Any CPU
	EndGlobalSection
	GlobalSection(ProjectConfigurationPlatforms) = postSolution
		{1AAE43D9-CDC0-43A5-BCC5-4B8F231A09CD}.Debug|Any CPU.ActiveCfg = Debug|Any CPU
		{1AAE43D9-CDC0-43A5-BCC5-4B8F231A09CD}.Debug|Any CPU.Build.0 = Debug|Any CPU
		{1AAE43D9-CDC0-43A5-BCC5-4B8F231A09CD}.Release|Any CPU.ActiveCfg = Release|Any CPU
		{1AAE43D9-CDC0-43A5-BCC5-4B8F231A09CD}.Release|Any CPU.Build.0 = Release|Any CPU
		{B02B2692-EEB6-48C2-9F95-A37644A0E097}.Debug|Any CPU.ActiveCfg = Debug|Any CPU
		{B02B2692-EEB6-48C2-9F95-A37644A0E097}.Debug|Any CPU.Build.0 = Debug|Any CPU
		{B02B2692-EEB6-48C2-9F95-A37644A0E097}.Release|Any CPU.ActiveCfg = Release|Any CPU
		{B02B2692-EEB6-48C2-9F95-A37644A0E097}.Release|Any CPU.Build.0 = Release|Any CPU
		{1BEBB4D4-7B9A-4785-BF17-21D32CBA820B}.Debug|Any CPU.ActiveCfg = Debug|Any CPU
		{1BEBB4D4-7B9A-4785-BF17-21D32CBA820B}.Debug|Any CPU.Build.0 = Debug|Any CPU
		{1BEBB4D4-7B9A-4785-BF17-21D32CBA820B}.Release|Any CPU.ActiveCfg = Release|Any CPU
		{1BEBB4D4-7B9A-4785-BF17-21D32CBA820B}.Release|Any CPU.Build.0 = Release|Any CPU
	EndGlobalSection
	GlobalSection(SolutionProperties) = preSolution
		HideSolutionNode = FALSE
	EndGlobalSection
	GlobalSection(ExtensibilityGlobals) = postSolution
		SolutionGuid = {DFF86137-21F1-416A-9B08-C13C003FF0FD}
	EndGlobalSection
EndGlobal
