
Microsoft Visual Studio Solution File, Format Version 12.00
# Visual Studio Version 17
VisualStudioVersion = 17.2.32616.157
MinimumVisualStudioVersion = 10.0.40219.1
Project("{9A19103F-16F7-4668-BE54-9A1E7A4F7556}") = "ConsoleApp1", "ConsoleApp1.csproj", "{025E0021-EC77-4DB1-B241-6AB673020FC8}"
EndProject
Project("{9A19103F-16F7-4668-BE54-9A1E7A4F7556}") = "DefiningClasses", "..\DefiningClasses\DefiningClasses.csproj", "{2FAD56A7-9014-469E-BE7D-77A69B70CA75}"
EndProject
Project("{9A19103F-16F7-4668-BE54-9A1E7A4F7556}") = "02. Creating Constructors", "..\02. Creating Constructors\02. Creating Constructors.csproj", "{BB2E1BEB-77B2-43D0-8FA6-C52ED50128A6}"
EndProject
Global
	GlobalSection(SolutionConfigurationPlatforms) = preSolution
		Debug|Any CPU = Debug|Any CPU
		Release|Any CPU = Release|Any CPU
	EndGlobalSection
	GlobalSection(ProjectConfigurationPlatforms) = postSolution
		{025E0021-EC77-4DB1-B241-6AB673020FC8}.Debug|Any CPU.ActiveCfg = Debug|Any CPU
		{025E0021-EC77-4DB1-B241-6AB673020FC8}.Debug|Any CPU.Build.0 = Debug|Any CPU
		{025E0021-EC77-4DB1-B241-6AB673020FC8}.Release|Any CPU.ActiveCfg = Release|Any CPU
		{025E0021-EC77-4DB1-B241-6AB673020FC8}.Release|Any CPU.Build.0 = Release|Any CPU
		{2FAD56A7-9014-469E-BE7D-77A69B70CA75}.Debug|Any CPU.ActiveCfg = Debug|Any CPU
		{2FAD56A7-9014-469E-BE7D-77A69B70CA75}.Debug|Any CPU.Build.0 = Debug|Any CPU
		{2FAD56A7-9014-469E-BE7D-77A69B70CA75}.Release|Any CPU.ActiveCfg = Release|Any CPU
		{2FAD56A7-9014-469E-BE7D-77A69B70CA75}.Release|Any CPU.Build.0 = Release|Any CPU
		{BB2E1BEB-77B2-43D0-8FA6-C52ED50128A6}.Debug|Any CPU.ActiveCfg = Debug|Any CPU
		{BB2E1BEB-77B2-43D0-8FA6-C52ED50128A6}.Debug|Any CPU.Build.0 = Debug|Any CPU
		{BB2E1BEB-77B2-43D0-8FA6-C52ED50128A6}.Release|Any CPU.ActiveCfg = Release|Any CPU
		{BB2E1BEB-77B2-43D0-8FA6-C52ED50128A6}.Release|Any CPU.Build.0 = Release|Any CPU
	EndGlobalSection
	GlobalSection(SolutionProperties) = preSolution
		HideSolutionNode = FALSE
	EndGlobalSection
	GlobalSection(ExtensibilityGlobals) = postSolution
		SolutionGuid = {091DF339-E7DD-4432-BE29-099BD5ECD01D}
	EndGlobalSection
EndGlobal
