
Microsoft Visual Studio Solution File, Format Version 12.00
# Visual Studio Version 16
VisualStudioVersion = 16.0.31702.278
MinimumVisualStudioVersion = 10.0.40219.1
Project("{9A19103F-16F7-4668-BE54-9A1E7A4F7556}") = "01. Integer Operations", "01. Integer Operations\01. Integer Operations.csproj", "{50534387-49D3-4DAB-897A-52F797B10079}"
EndProject
Project("{FAE04EC0-301F-11D3-BF4B-00C04F79EFBC}") = "02. Sum Digits", "02. Sum Digits\02. Sum Digits.csproj", "{C2608D1A-E582-4117-A8FE-0179D4A6DDE9}"
EndProject
Project("{FAE04EC0-301F-11D3-BF4B-00C04F79EFBC}") = "03. Elevator", "3. Elevator\03. Elevator.csproj", "{8C5411D4-D148-4B4A-BA71-9E041E613DEB}"
EndProject
Project("{FAE04EC0-301F-11D3-BF4B-00C04F79EFBC}") = "04. Sum of Chars", "04. Sum of Chars\04. Sum of Chars.csproj", "{F1BA925A-70DD-4580-98F2-8C10CD55312B}"
EndProject
Project("{FAE04EC0-301F-11D3-BF4B-00C04F79EFBC}") = "05. Print Part Of ASCII Table", "05. Print Part Of ASCII Table\05. Print Part Of ASCII Table.csproj", "{ED7E7A5C-0EDB-4714-8327-5C50A941D419}"
EndProject
Project("{FAE04EC0-301F-11D3-BF4B-00C04F79EFBC}") = "06. Triples of Latin Letters", "06. Triples of Latin Letters\06. Triples of Latin Letters.csproj", "{A4349610-184F-475B-BEC6-1A08B8F82A9F}"
EndProject
Project("{FAE04EC0-301F-11D3-BF4B-00C04F79EFBC}") = "07. Water Overflow", "07. Water Overflow\07. Water Overflow.csproj", "{112BB185-F51C-40C1-8249-04DF3016AA70}"
EndProject
Global
	GlobalSection(SolutionConfigurationPlatforms) = preSolution
		Debug|Any CPU = Debug|Any CPU
		Release|Any CPU = Release|Any CPU
	EndGlobalSection
	GlobalSection(ProjectConfigurationPlatforms) = postSolution
		{50534387-49D3-4DAB-897A-52F797B10079}.Debug|Any CPU.ActiveCfg = Debug|Any CPU
		{50534387-49D3-4DAB-897A-52F797B10079}.Debug|Any CPU.Build.0 = Debug|Any CPU
		{50534387-49D3-4DAB-897A-52F797B10079}.Release|Any CPU.ActiveCfg = Release|Any CPU
		{50534387-49D3-4DAB-897A-52F797B10079}.Release|Any CPU.Build.0 = Release|Any CPU
		{C2608D1A-E582-4117-A8FE-0179D4A6DDE9}.Debug|Any CPU.ActiveCfg = Debug|Any CPU
		{C2608D1A-E582-4117-A8FE-0179D4A6DDE9}.Debug|Any CPU.Build.0 = Debug|Any CPU
		{C2608D1A-E582-4117-A8FE-0179D4A6DDE9}.Release|Any CPU.ActiveCfg = Release|Any CPU
		{C2608D1A-E582-4117-A8FE-0179D4A6DDE9}.Release|Any CPU.Build.0 = Release|Any CPU
		{8C5411D4-D148-4B4A-BA71-9E041E613DEB}.Debug|Any CPU.ActiveCfg = Debug|Any CPU
		{8C5411D4-D148-4B4A-BA71-9E041E613DEB}.Debug|Any CPU.Build.0 = Debug|Any CPU
		{8C5411D4-D148-4B4A-BA71-9E041E613DEB}.Release|Any CPU.ActiveCfg = Release|Any CPU
		{8C5411D4-D148-4B4A-BA71-9E041E613DEB}.Release|Any CPU.Build.0 = Release|Any CPU
		{F1BA925A-70DD-4580-98F2-8C10CD55312B}.Debug|Any CPU.ActiveCfg = Debug|Any CPU
		{F1BA925A-70DD-4580-98F2-8C10CD55312B}.Debug|Any CPU.Build.0 = Debug|Any CPU
		{F1BA925A-70DD-4580-98F2-8C10CD55312B}.Release|Any CPU.ActiveCfg = Release|Any CPU
		{F1BA925A-70DD-4580-98F2-8C10CD55312B}.Release|Any CPU.Build.0 = Release|Any CPU
		{ED7E7A5C-0EDB-4714-8327-5C50A941D419}.Debug|Any CPU.ActiveCfg = Debug|Any CPU
		{ED7E7A5C-0EDB-4714-8327-5C50A941D419}.Debug|Any CPU.Build.0 = Debug|Any CPU
		{ED7E7A5C-0EDB-4714-8327-5C50A941D419}.Release|Any CPU.ActiveCfg = Release|Any CPU
		{ED7E7A5C-0EDB-4714-8327-5C50A941D419}.Release|Any CPU.Build.0 = Release|Any CPU
		{A4349610-184F-475B-BEC6-1A08B8F82A9F}.Debug|Any CPU.ActiveCfg = Debug|Any CPU
		{A4349610-184F-475B-BEC6-1A08B8F82A9F}.Debug|Any CPU.Build.0 = Debug|Any CPU
		{A4349610-184F-475B-BEC6-1A08B8F82A9F}.Release|Any CPU.ActiveCfg = Release|Any CPU
		{A4349610-184F-475B-BEC6-1A08B8F82A9F}.Release|Any CPU.Build.0 = Release|Any CPU
		{112BB185-F51C-40C1-8249-04DF3016AA70}.Debug|Any CPU.ActiveCfg = Debug|Any CPU
		{112BB185-F51C-40C1-8249-04DF3016AA70}.Debug|Any CPU.Build.0 = Debug|Any CPU
		{112BB185-F51C-40C1-8249-04DF3016AA70}.Release|Any CPU.ActiveCfg = Release|Any CPU
		{112BB185-F51C-40C1-8249-04DF3016AA70}.Release|Any CPU.Build.0 = Release|Any CPU
	EndGlobalSection
	GlobalSection(SolutionProperties) = preSolution
		HideSolutionNode = FALSE
	EndGlobalSection
	GlobalSection(ExtensibilityGlobals) = postSolution
		SolutionGuid = {983705F0-E78D-4F18-A12A-28942A8C8843}
	EndGlobalSection
EndGlobal
